
  "version": "6.7.4",
          "integrity": "sha1-vnoN5ITexcXN34s9WRJQRJEvY1s=",
          "dev": true,
          "requires": {
            "has-flag": "2.0.0"
          }
        }
      }
    },
    "unified-engine": {
      "version": "5.1.0",
      "resolved": "https://registry.npmjs.org/unified-engine/-/unified-engine-5.1.0.tgz",
      "integrity": "sha512-N7b7HG6doQUtkWr+kH35tfUhfc9QiYeiZGG6TcZlexSURf4xRUpYKBbc2f67qJF5oPmn6mMkImkdhr31Q6saoA==",
      "dev": true,
      "requires": {
        "concat-stream": "1.6.0",
        "debug": "3.1.0",
        "fault": "1.0.1",
        "fn-name": "2.0.1",
        "glob": "7.1.2",
        "ignore": "3.3.5",
        "is-empty": "1.2.0",
        "is-hidden": "1.1.1",
        "is-object": "1.0.1",
        "js-yaml": "3.10.0",
        "load-plugin": "2.2.1",
        "parse-json": "4.0.0",
        "to-vfile": "2.1.2",
        "trough": "1.0.1",
        "unist-util-inspect": "4.1.2",
        "vfile-reporter": "4.0.0",
        "vfile-statistics": "1.1.0",
        "x-is-function": "1.0.4",
        "x-is-string": "0.1.0",
        "xtend": "4.0.1"
      },
      "dependencies": {
        "argparse": {
          "version": "1.0.9",
          "resolved": "https://registry.npmjs.org/argparse/-/argparse-1.0.9.tgz",
          "integrity": "sha1-c9g7wmP4bpf4zE9rrhsOkKfSLIY=",
          "dev": true,
          "requires": {
            "sprintf-js": "1.0.3"
          }
        },
        "debug": {
          "version": "3.1.0",
          "resolved": "https://registry.npmjs.org/debug/-/debug-3.1.0.tgz",
          "integrity": "sha512-OX8XqP7/1a9cqkxYw2yXss15f26NKWBpDXQd0/uK/KPqdQhxbPa994hnzjcE2VqQpDslf55723cKPUOGSmMY3g==",
          "dev": true,
          "requires": {
            "ms": "2.0.0"
          }
        },
        "esprima": {
          "version": "4.0.0",
          "resolved": "https://registry.npmjs.org/esprima/-/esprima-4.0.0.tgz",
          "integrity": "sha512-oftTcaMu/EGrEIu904mWteKIv8vMuOgGYo7EhVJJN00R/EED9DCua/xxHRdYnKtcECzVg7xOWhflvJMnqcFZjw==",
          "dev": true
        },
        "js-yaml": {
          "version": "3.10.0",
          "resolved": "https://registry.npmjs.org/js-yaml/-/js-yaml-3.10.0.tgz",
          "integrity": "sha512-O2v52ffjLa9VeM43J4XocZE//WT9N0IiwDa3KSHH7Tu8CtH+1qM8SIZvnsTh6v+4yFy5KUY3BHUVwjpfAWsjIA==",
          "dev": true,
          "requires": {
            "argparse": "1.0.9",
            "esprima": "4.0.0"
          }
        },
        "parse-json": {
          "version": "4.0.0",
          "resolved": "https://registry.npmjs.org/parse-json/-/parse-json-4.0.0.tgz",
          "integrity": "sha1-vjX1Qlvh9/bHRxhPmKeIy5lHfuA=",
          "dev": true,
          "requires": {
            "error-ex": "1.3.1",
            "json-parse-better-errors": "1.0.1"
          }
        }
      }
    },
    "unique-string": {
      "version": "1.0.0",
      "resolved": "https://registry.npmjs.org/unique-string/-/unique-string-1.0.0.tgz",
      "integrity": "sha1-nhBXzKhRq7kzmPizOuGHuZyuwRo=",
      "dev": true,
      "requires": {
        "crypto-random-string": "1.0.0"
      }
    },
    "unist-util-inspect": {
      "version": "4.1.2",
      "resolved": "https://registry.npmjs.org/unist-util-inspect/-/unist-util-inspect-4.1.2.tgz",
      "integrity": "sha512-ErMKlv1iTGMsX0ftDRLje+o/IVlAulsz6jYHBPmNfj2hCCXyY4Lj5sJkr+1GqLKn8xfLIOShyIvEJk8umWWnQw==",
      "dev": true,
      "requires": {
        "is-empty": "1.2.0"
      }
    },
    "unist-util-modify-children": {
      "version": "1.1.1",
      "resolved": "https://registry.npmjs.org/unist-util-modify-children/-/unist-util-modify-children-1.1.1.tgz",
      "integrity": "sha1-ZtfmpEnm9nIguXarPLi166w55R0=",
      "dev": true,
      "requires": {
        "array-iterate": "1.1.1"
      }
    },
    "unist-util-remove-position": {
      "version": "1.1.1",
      "resolved": "https://registry.npmjs.org/unist-util-remove-position/-/unist-util-remove-position-1.1.1.tgz",
      "integrity": "sha1-WoXBVV/BugwQG4ZwfRXlD6TIcbs=",
      "dev": true,
      "requires": {
        "unist-util-visit": "1.1.3"
      }
    },
    "unist-util-stringify-position": {
      "version": "1.1.1",
      "resolved": "https://registry.npmjs.org/unist-util-stringify-position/-/unist-util-stringify-position-1.1.1.tgz",
      "integrity": "sha1-PMvcU2ee7W7PN3fdf14yKcG2qjw=",
      "dev": true
    },
    "unist-util-visit": {
      "version": "1.1.3",
      "resolved": "https://registry.npmjs.org/unist-util-visit/-/unist-util-visit-1.1.3.tgz",
      "integrity": "sha1-7CaOcxudJ3p5pbWqBkOZDkBdYAs=",
      "dev": true
    },
    "unixify": {
      "version": "1.0.0",
      "resolved": "https://registry.npmjs.org/unixify/-/unixify-1.0.0.tgz",
      "integrity": "sha1-OmQcjC/7zk2mg6XHDwOkYpQMIJA=",
      "dev": true,
      "requires": {
        "normalize-path": "2.1.1"
      }
    },
    "unpipe": {
      "version": "1.0.0",
      "resolved": "https://registry.npmjs.org/unpipe/-/unpipe-1.0.0.tgz",
      "integrity": "sha1-sr9O6FFKrmFltIF4KdIbLvSZBOw=",
      "dev": true
    },
    "untildify": {
      "version": "2.1.0",
      "resolved": "https://registry.npmjs.org/untildify/-/untildify-2.1.0.tgz",
      "integrity": "sha1-F+soB5h/dpUunASF/DEdBqgmouA=",
      "dev": true,
      "requires": {
        "os-homedir": "1.0.2"
      }
    },
    "unzip": {
      "version": "0.1.11",
      "resolved": "https://registry.npmjs.org/unzip/-/unzip-0.1.11.tgz",
      "integrity": "sha1-iXScY7BY19kNYZ+GuYqhU107l/A=",
      "dev": true,
      "requires": {
        "binary": "0.3.0",
        "fstream": "0.1.31",
        "match-stream": "0.0.2",
        "pullstream": "0.4.1",
        "readable-stream": "1.0.34",
        "setimmediate": "1.0.5"
      },
      "dependencies": {
        "fstream": {
          "version": "0.1.31",
          "resolved": "https://registry.npmjs.org/fstream/-/fstream-0.1.31.tgz",
          "integrity": "sha1-czfwWPu7vvqMn1YaKMqwhJICyYg=",
          "dev": true,
          "requires": {
            "graceful-fs": "3.0.11",
            "inherits": "2.0.3",
            "mkdirp": "0.5.1",
            "rimraf": "2.6.2"
          }
        },
        "graceful-fs": {
          "version": "3.0.11",
          "resolved": "https://registry.npmjs.org/graceful-fs/-/graceful-fs-3.0.11.tgz",
          "integrity": "sha1-dhPHeKGv6mLyXGMKCG1/Osu92Bg=",
          "dev": true,
          "requires": {
            "natives": "1.1.0"
          }
        },
        "readable-stream": {
          "version": "1.0.34",
          "resolved": "https://registry.npmjs.org/readable-stream/-/readable-stream-1.0.34.tgz",
          "integrity": "sha1-Elgg40vIQtLyqq+v5MKRbuMsFXw=",
          "dev": true,
          "requires": {
            "core-util-is": "1.0.2",
            "inherits": "2.0.3",
            "isarray": "0.0.1",
            "string_decoder": "0.10.31"
          }
        },
        "string_decoder": {
          "version": "0.10.31",
          "resolved": "https://registry.npmjs.org/string_decoder/-/string_decoder-0.10.31.tgz",
          "integrity": "sha1-YuIDvEF2bGwoyfyEMB2rHFMQ+pQ=",
          "dev": true
        }
      }
    },
    "unzip-response": {
      "version": "2.0.1",
      "resolved": "https://registry.npmjs.org/unzip-response/-/unzip-response-2.0.1.tgz",
      "integrity": "sha1-0vD3N9FrBhXnKmk17QQhRXLVb5c=",
      "dev": true
    },
    "update-notifier": {
      "version": "2.3.0",
      "resolved": "https://registry.npmjs.org/update-notifier/-/update-notifier-2.3.0.tgz",
      "integrity": "sha1-TognpruRUUCrCTVZ1wFOPruDdFE=",
      "dev": true,
      "requires": {
        "boxen": "1.2.1",
        "chalk": "2.3.0",
        "configstore": "3.1.1",
        "import-lazy": "2.1.0",
        "is-installed-globally": "0.1.0",
        "is-npm": "1.0.0",
        "latest-version": "3.1.0",
        "semver-diff": "2.1.0",
        "xdg-basedir": "3.0.0"
      },
      "dependencies": {
        "ansi-styles": {
          "version": "3.2.0",
          "resolved": "https://registry.npmjs.org/ansi-styles/-/ansi-styles-3.2.0.tgz",
          "integrity": "sha512-NnSOmMEYtVR2JVMIGTzynRkkaxtiq1xnFBcdQD/DnNCYPoEPsVJhM98BDyaoNOQIi7p4okdi3E27eN7GQbsUug==",
          "dev": true,
          "requires": {
            "color-convert": "1.9.0"
          }
        },
        "chalk": {
          "version": "2.3.0",
          "resolved": "https://registry.npmjs.org/chalk/-/chalk-2.3.0.tgz",
          "integrity": "sha512-Az5zJR2CBujap2rqXGaJKaPHyJ0IrUimvYNX+ncCy8PJP4ltOGTrHUIo097ZaL2zMeKYpiCdqDvS6zdrTFok3Q==",
          "dev": true,
          "requires": {
            "ansi-styles": "3.2.0",
            "escape-string-regexp": "1.0.5",
            "supports-color": "4.5.0"
          }
        },
        "supports-color": {
          "version": "4.5.0",
          "resolved": "https://registry.npmjs.org/supports-color/-/supports-color-4.5.0.tgz",
          "integrity": "sha1-vnoN5ITexcXN34s9WRJQRJEvY1s=",
          "dev": true,
          "requires": {
            "has-flag": "2.0.0"
          }
        }
      }
    },
    "uri-path": {
      "version": "1.0.0",
      "resolved": "https://registry.npmjs.org/uri-path/-/uri-path-1.0.0.tgz",
      "integrity": "sha1-l0fwGDWJM8Md4PzP2C0TjmcmLjI=",
      "dev": true
    },
    "url": {
      "version": "0.11.0",
      "resolved": "https://registry.npmjs.org/url/-/url-0.11.0.tgz",
      "integrity": "sha1-ODjpfPxgUh63PFJajlW/3Z4uKPE=",
      "dev": true,
      "requires": {
        "punycode": "1.3.2",
        "querystring": "0.2.0"
      },
      "dependencies": {
        "punycode": {
          "version": "1.3.2",
          "resolved": "https://registry.npmjs.org/punycode/-/punycode-1.3.2.tgz",
          "integrity": "sha1-llOgNvt8HuQjQvIyXM7v6jkmxI0=",
          "dev": true
        }
      }
    },
    "url-parse-lax": {
      "version": "1.0.0",
      "resolved": "https://registry.npmjs.org/url-parse-lax/-/url-parse-lax-1.0.0.tgz",
      "integrity": "sha1-evjzA2Rem9eaJy56FKxovAYJ2nM=",
      "dev": true,
      "requires": {
        "prepend-http": "1.0.4"
      }
    },
    "urljoin": {
      "version": "0.1.5",
      "resolved": "https://registry.npmjs.org/urljoin/-/urljoin-0.1.5.tgz",
      "integrity": "sha1-sl0sYRLFWsnVAJakmg8ft/T1OSE=",
      "dev": true,
      "requires": {
        "extend": "2.0.1"
      },
      "dependencies": {
        "extend": {
          "version": "2.0.1",
          "resolved": "https://registry.npmjs.org/extend/-/extend-2.0.1.tgz",
          "integrity": "sha1-HugBBonnOV/5RIJByYZSvHWagmA=",
          "dev": true
        }
      }
    },
    "user-home": {
      "version": "1.1.1",
      "resolved": "https://registry.npmjs.org/user-home/-/user-home-1.1.1.tgz",
      "integrity": "sha1-K1viOjK2Onyd640PKNSFcko98ZA=",
      "dev": true
    },
    "useragent": {
      "version": "2.2.1",
      "resolved": "https://registry.npmjs.org/useragent/-/useragent-2.2.1.tgz",
      "integrity": "sha1-z1k+9PLRdYdei7ZY6pLhik/QbY4=",
      "dev": true,
      "requires": {
        "lru-cache": "2.2.4",
        "tmp": "0.0.33"
      },
      "dependencies": {
        "lru-cache": {
          "version": "2.2.4",
          "resolved": "https://registry.npmjs.org/lru-cache/-/lru-cache-2.2.4.tgz",
          "integrity": "sha1-bGWGGb7PFAMdDQtZSxYELOTcBj0=",
          "dev": true
        }
      }
    },
    "util": {
      "version": "0.10.3",
      "resolved": "https://registry.npmjs.org/util/-/util-0.10.3.tgz",
      "integrity": "sha1-evsa/lCAUkZInj23/g7TeTNqwPk=",
      "dev": true,
      "requires": {
        "inherits": "2.0.1"
      },
      "dependencies": {
        "inherits": {
          "version": "2.0.1",
          "resolved": "https://registry.npmjs.org/inherits/-/inherits-2.0.1.tgz",
          "integrity": "sha1-sX0I0ya0Qj5Wjv9xn5GwscvfafE=",
          "dev": true
        }
      }
    },
    "util-deprecate": {
      "version": "1.0.2",
      "resolved": "https://registry.npmjs.org/util-deprecate/-/util-deprecate-1.0.2.tgz",
      "integrity": "sha1-RQ1Nyfpw3nMnYvvS1KKJgUGaDM8=",
      "dev": true
    },
    "util-extend": {
      "version": "1.0.3",
      "resolved": "https://registry.npmjs.org/util-extend/-/util-extend-1.0.3.tgz",
      "integrity": "sha1-p8IW0mdUUWljeztu3GypEZ4v+T8=",
      "dev": true
    },
    "utils-merge": {
      "version": "1.0.1",
      "resolved": "https://registry.npmjs.org/utils-merge/-/utils-merge-1.0.1.tgz",
      "integrity": "sha1-n5VxD1CiZ5R7LMwSR0HBAoQn5xM=",
      "dev": true
    },
    "uuid": {
      "version": "2.0.3",
      "resolved": "https://registry.npmjs.org/uuid/-/uuid-2.0.3.tgz",
      "integrity": "sha1-Z+LoY3lyFVMN/zGOW/nc6/1Hsho=",
      "dev": true
    },
    "uws": {
      "version": "0.14.5",
      "resolved": "https://registry.npmjs.org/uws/-/uws-0.14.5.tgz",
      "integrity": "sha1-Z6rzPEaypYel9mZtAPdpEyjxSdw=",
      "dev": true,
      "optional": true
    },
    "v8flags": {
      "version": "2.1.1",
      "resolved": "https://registry.npmjs.org/v8flags/-/v8flags-2.1.1.tgz",
      "integrity": "sha1-qrGh+jDUX4jdMhFIh1rALAtV5bQ=",
      "dev": true,
      "requires": {
        "user-home": "1.1.1"
      }
    },
    "validate-npm-package-license": {
      "version": "3.0.1",
      "resolved": "https://registry.npmjs.org/validate-npm-package-license/-/validate-npm-package-license-3.0.1.tgz",
      "integrity": "sha1-KAS6vnEq0zeUWaz74kdGqywwP7w=",
      "dev": true,
      "requires": {
        "spdx-correct": "1.0.2",
        "spdx-expression-parse": "1.0.4"
      }
    },
    "validator": {
      "version": "9.4.1",
      "resolved": "https://registry.npmjs.org/validator/-/validator-9.4.1.tgz",
      "integrity": "sha512-YV5KjzvRmSyJ1ee/Dm5UED0G+1L4GZnLN3w6/T+zZm8scVua4sOhYKWTUrKa0H/tMiJyO9QLHMPN+9mB/aMunA==",
      "dev": true
    },
    "verror": {
      "version": "1.10.0",
      "resolved": "https://registry.npmjs.org/verror/-/verror-1.10.0.tgz",
      "integrity": "sha1-OhBcoXBTr1XW4nDB+CiGguGNpAA=",
      "dev": true,
      "requires": {
        "assert-plus": "1.0.0",
        "core-util-is": "1.0.2",
        "extsprintf": "1.3.0"
      }
    },
    "vfile": {
      "version": "2.2.0",
      "resolved": "https://registry.npmjs.org/vfile/-/vfile-2.2.0.tgz",
      "integrity": "sha1-zkek+zNZIrIz5TXbD32BIdj87U4=",
      "dev": true,
      "requires": {
        "is-buffer": "1.1.5",
        "replace-ext": "1.0.0",
        "unist-util-stringify-position": "1.1.1"
      }
    },
    "vfile-location": {
      "version": "2.0.2",
      "resolved": "https://registry.npmjs.org/vfile-location/-/vfile-location-2.0.2.tgz",
      "integrity": "sha1-02dcWch3SY5JK0dW/2Xkrxp1IlU=",
      "dev": true
    },
    "vfile-reporter": {
      "version": "4.0.0",
      "resolved": "https://registry.npmjs.org/vfile-reporter/-/vfile-reporter-4.0.0.tgz",
      "integrity": "sha1-6m8K4TQvSEFXOYXgX5QXNvJ96do=",
      "dev": true,
      "requires": {
        "repeat-string": "1.6.1",
        "string-width": "1.0.2",
        "supports-color": "4.5.0",
        "unist-util-stringify-position": "1.1.1",
        "vfile-statistics": "1.1.0"
      },
      "dependencies": {
        "supports-color": {
          "version": "4.5.0",
          "resolved": "https://registry.npmjs.org/supports-color/-/supports-color-4.5.0.tgz",
          "integrity": "sha1-vnoN5ITexcXN34s9WRJQRJEvY1s=",
          "dev": true,
          "requires": {
            "has-flag": "2.0.0"
          }
        }
      }
    },
    "vfile-statistics": {
      "version": "1.1.0",
      "resolved": "https://registry.npmjs.org/vfile-statistics/-/vfile-statistics-1.1.0.tgz",
      "integrity": "sha1-AhBMYP3u0dEbH3OtZTMLdjSz2JU=",
      "dev": true
    },
    "video.js": {
      "version": "6.6.0",
      "resolved": "https://registry.npmjs.org/video.js/-/video.js-6.6.0.tgz",
      "integrity": "sha512-jtMn0PqQSGGes5Lcb5Ste0fG4HrcOIr51LYX57wrQbbrUhj/56U8c9LGhVeGAgpi1XBebw/R16xyENxh5yPllw==",
      "dev": true,
      "requires": {
        "babel-runtime": "6.26.0",
        "global": "4.3.2",
        "safe-json-parse": "4.0.0",
        "tsml": "1.0.1",
        "videojs-font": "2.0.0",
        "videojs-ie8": "1.1.2",
        "videojs-vtt.js": "0.12.4",
        "xhr": "2.4.0"
      },
      "dependencies": {
        "videojs-vtt.js": {
          "version": "0.12.4",
          "resolved": "https://registry.npmjs.org/videojs-vtt.js/-/videojs-vtt.js-0.12.4.tgz",
          "integrity": "sha1-OPJJnjHvs/qTWQ3a1MtmMnWksWE=",
          "dev": true,
          "requires": {
            "global": "4.3.2"
          }
        }
      }
    },
    "videojs-flash": {
      "version": "2.1.0",
      "resolved": "https://registry.npmjs.org/videojs-flash/-/videojs-flash-2.1.0.tgz",
      "integrity": "sha512-ZuuG5jrrfrYTmi5ggg1km0jbR9g/eRKtvCHw1wzBucsM+tvRKq2oiK1Vz9cs0w7Vk/hw3mMLmLHWEQZOgdrJaQ==",
      "dev": true,
      "requires": {
        "global": "4.3.2",
        "video.js": "6.6.0",
        "videojs-swf": "5.4.1"
      }
    },
    "videojs-font": {
      "version": "2.1.0",
      "resolved": "https://registry.npmjs.org/videojs-font/-/videojs-font-2.1.0.tgz",
      "integrity": "sha1-olkwpn9snPvyu4jay4xrRR8JM3k="
    },
    "videojs-ie8": {
      "version": "1.1.2",
      "resolved": "https://registry.npmjs.org/videojs-ie8/-/videojs-ie8-1.1.2.tgz",
      "integrity": "sha1-oj09hgitcZK2nGB3/E64SJmNNdk=",
      "requires": {
        "es5-shim": "4.5.10"
      }
    },
    "videojs-standard": {
      "version": "6.0.1",
      "resolved": "https://registry.npmjs.org/videojs-standard/-/videojs-standard-6.0.1.tgz",
      "integrity": "sha1-lzwZLf0PaMkaPWYKdl1DUmUKnEM=",
      "dev": true,
      "requires": {
        "babel-eslint": "6.1.2",
        "commander": "2.11.0",
        "eslint": "2.13.1",
        "eslint-config-videojs": "3.0.1",
        "eslint-plugin-jsdoc": "2.4.0",
        "eslint-plugin-json": "1.2.0",
        "eslint-plugin-markdown": "1.0.0-beta.6",
        "find-root": "1.1.0",
        "tsmlb": "1.0.0"
      },
      "dependencies": {
        "find-root": {
          "version": "1.1.0",
          "resolved": "https://registry.npmjs.org/find-root/-/find-root-1.1.0.tgz",
          "integrity": "sha512-NKfW6bec6GfKc0SGx1e07QZY9PE99u0Bft/0rzSD5k3sO/vwkVUpDUKVm5Gpp5Ue3YfShPFTX2070tDs5kB9Ng==",
          "dev": true
        }
      }
    },
    "videojs-swf": {
      "version": "5.4.1",
      "resolved": "https://registry.npmjs.org/videojs-swf/-/videojs-swf-5.4.1.tgz",
      "integrity": "sha1-IHfvccdJ8seCPvSbq65N0qywj4c=",
      "dev": true
    },
    "videojs-vtt.js": {
      "version": "0.12.5",
      "resolved": "https://registry.npmjs.org/videojs-vtt.js/-/videojs-vtt.js-0.12.5.tgz",
      "integrity": "sha1-MoUnMnQci056QxTKos2TZGqcLUA=",
      "requires": {
        "global": "4.3.2"
      }
    },
    "vlq": {
      "version": "0.2.2",
      "resolved": "https://registry.npmjs.org/vlq/-/vlq-0.2.2.tgz",
      "integrity": "sha1-4xbVJXtAuGu0PLjV/qXX9U1rDKE=",
      "dev": true
    },
    "vm-browserify": {
      "version": "0.0.4",
      "resolved": "https://registry.npmjs.org/vm-browserify/-/vm-browserify-0.0.4.tgz",
      "integrity": "sha1-XX6kW7755Kb/ZflUOOCofDV9WnM=",
      "dev": true,
      "requires": {
        "indexof": "0.0.1"
      }
    },
    "void-elements": {
      "version": "2.0.1",
      "resolved": "https://registry.npmjs.org/void-elements/-/void-elements-2.0.1.tgz",
      "integrity": "sha1-wGavtYK7HLQSjWDqkjkulNXp2+w=",
      "dev": true
    },
    "w3c-hr-time": {
      "version": "1.0.1",
      "resolved": "https://registry.npmjs.org/w3c-hr-time/-/w3c-hr-time-1.0.1.tgz",
      "integrity": "sha1-gqwr/2PZUOqeMYmlimViX+3xkEU=",
      "dev": true,
      "requires": {
        "browser-process-hrtime": "0.1.2"
      }
    },
    "watchify": {
      "version": "3.9.0",
      "resolved": "https://registry.npmjs.org/watchify/-/watchify-3.9.0.tgz",
      "integrity": "sha1-8HX9LoqGrN6Eztum5cKgvt1SPZ4=",
      "dev": true,
      "requires": {
        "anymatch": "1.3.2",
        "browserify": "14.4.0",
        "chokidar": "1.7.0",
        "defined": "1.0.0",
        "outpipe": "1.1.1",
        "through2": "2.0.3",
        "xtend": "4.0.1"
      },
      "dependencies": {
        "through2": {
          "version": "2.0.3",
          "resolved": "https://registry.npmjs.org/through2/-/through2-2.0.3.tgz",
          "integrity": "sha1-AARWmzfHx0ujnEPzzteNGtlBQL4=",
          "dev": true,
          "requires": {
            "readable-stream": "2.3.3",
            "xtend": "4.0.1"
          }
        }
      }
    },
    "watchpack": {
      "version": "0.2.9",
      "resolved": "https://registry.npmjs.org/watchpack/-/watchpack-0.2.9.tgz",
      "integrity": "sha1-Yuqkq15bo1/fwBgnVibjwPXj+ws=",
      "dev": true,
      "requires": {
        "async": "0.9.2",
        "chokidar": "1.7.0",
        "graceful-fs": "4.1.11"
      },
      "dependencies": {
        "async": {
          "version": "0.9.2",
          "resolved": "https://registry.npmjs.org/async/-/async-0.9.2.tgz",
          "integrity": "sha1-rqdNXmHB+JlhO/ZL2mbUx48v0X0=",
          "dev": true
        }
      }
    },
    "webidl-conversions": {
      "version": "4.0.2",
      "resolved": "https://registry.npmjs.org/webidl-conversions/-/webidl-conversions-4.0.2.tgz",
      "integrity": "sha512-YQ+BmxuTgd6UXZW3+ICGfyqRyHXVlD5GtQr5+qjiNW7bF0cqrzX500HVXPBOvgXb5YnzDd+h0zqyv61KUD7+Sg==",
      "dev": true
    },
    "webpack": {
      "version": "1.15.0",
      "resolved": "https://registry.npmjs.org/webpack/-/webpack-1.15.0.tgz",
      "integrity": "sha1-T/MfU9sDM55VFkqdRo7gMklo/pg=",
      "dev": true,
      "requires": {
        "acorn": "3.3.0",
        "async": "1.5.2",
        "clone": "1.0.2",
        "enhanced-resolve": "0.9.1",
        "interpret": "0.6.6",
        "loader-utils": "0.2.17",
        "memory-fs": "0.3.0",
        "mkdirp": "0.5.1",
        "node-libs-browser": "0.7.0",
        "optimist": "0.6.1",
        "supports-color": "3.2.3",
        "tapable": "0.1.10",
        "uglify-js": "2.7.5",
        "watchpack": "0.2.9",
        "webpack-core": "0.6.9"
      },
      "dependencies": {
        "acorn": {
          "version": "3.3.0",
          "resolved": "https://registry.npmjs.org/acorn/-/acorn-3.3.0.tgz",
          "integrity": "sha1-ReN/s56No/JbruP/U2niu18iAXo=",
          "dev": true
        },
        "async": {
          "version": "1.5.2",
          "resolved": "https://registry.npmjs.org/async/-/async-1.5.2.tgz",
          "integrity": "sha1-7GphrlZIDAw8skHJVhjiCJL5Zyo=",
          "dev": true
        },
        "camelcase": {
          "version": "1.2.1",
          "resolved": "https://registry.npmjs.org/camelcase/-/camelcase-1.2.1.tgz",
          "integrity": "sha1-m7UwTS4LVmmLLHWLCKPqqdqlijk=",
          "dev": true
        },
        "cliui": {
          "version": "2.1.0",
          "resolved": "https://registry.npmjs.org/cliui/-/cliui-2.1.0.tgz",
          "integrity": "sha1-S0dXYP+AJkx2LDoXGQMukcf+oNE=",
          "dev": true,
          "requires": {
            "center-align": "0.1.3",
            "right-align": "0.1.3",
            "wordwrap": "0.0.2"
          }
        },
        "has-flag": {
          "version": "1.0.0",
          "resolved": "https://registry.npmjs.org/has-flag/-/has-flag-1.0.0.tgz",
          "integrity": "sha1-nZ55MWXOAXoA8AQYxD+UKnsdEfo=",
          "dev": true
        },
        "interpret": {
          "version": "0.6.6",
          "resolved": "https://registry.npmjs.org/interpret/-/interpret-0.6.6.tgz",
          "integrity": "sha1-/s16GOfOXKar+5U+H4YhOknxYls=",
          "dev": true
        },
        "supports-color": {
          "version": "3.2.3",
          "resolved": "https://registry.npmjs.org/supports-color/-/supports-color-3.2.3.tgz",
          "integrity": "sha1-ZawFBLOVQXHYpklGsq48u4pfVPY=",
          "dev": true,
          "requires": {
            "has-flag": "1.0.0"
          }
        },
        "uglify-js": {
          "version": "2.7.5",
          "resolved": "https://registry.npmjs.org/uglify-js/-/uglify-js-2.7.5.tgz",
          "integrity": "sha1-RhLAx7qu4rp8SH3kkErhIgefLKg=",
          "dev": true,
          "requires": {
            "async": "0.2.10",
            "source-map": "0.5.7",
            "uglify-to-browserify": "1.0.2",
            "yargs": "3.10.0"
          },
          "dependencies": {
            "async": {
              "version": "0.2.10",
              "resolved": "https://registry.npmjs.org/async/-/async-0.2.10.tgz",
              "integrity": "sha1-trvgsGdLnXGXCMo43owjfLUmw9E=",
              "dev": true
            }
          }
        },
        "wordwrap": {
          "version": "0.0.2",
          "resolved": "https://registry.npmjs.org/wordwrap/-/wordwrap-0.0.2.tgz",
          "integrity": "sha1-t5Zpu0LstAn4PVg8rVLKF+qhZD8=",
          "dev": true
        },
        "yargs": {
          "version": "3.10.0",
          "resolved": "https://registry.npmjs.org/yargs/-/yargs-3.10.0.tgz",
          "integrity": "sha1-9+572FfdfB0tOMDnTvvWgdFDH9E=",
          "dev": true,
          "requires": {
            "camelcase": "1.2.1",
            "cliui": "2.1.0",
            "decamelize": "1.2.0",
            "window-size": "0.1.0"
          }
        }
      }
    },
    "webpack-core": {
      "version": "0.6.9",
      "resolved": "https://registry.npmjs.org/webpack-core/-/webpack-core-0.6.9.tgz",
      "integrity": "sha1-/FcViMhVjad76e+23r3Fo7FyvcI=",
      "dev": true,
      "requires": {
        "source-list-map": "0.1.8",
        "source-map": "0.4.4"
      },
      "dependencies": {
        "source-map": {
          "version": "0.4.4",
          "resolved": "https://registry.npmjs.org/source-map/-/source-map-0.4.4.tgz",
          "integrity": "sha1-66T12pwNyZneaAMti092FzZSA2s=",
          "dev": true,
          "requires": {
            "amdefine": "1.0.1"
          }
        }
      }
    },
    "websocket-driver": {
      "version": "0.7.0",
      "resolved": "https://registry.npmjs.org/websocket-driver/-/websocket-driver-0.7.0.tgz",
      "integrity": "sha1-DK+dLXVdk67gSdS90NP+LMoqJOs=",
      "dev": true,
      "requires": {
        "http-parser-js": "0.4.8",
        "websocket-extensions": "0.1.2"
      }
    },
    "websocket-extensions": {
      "version": "0.1.2",
      "resolved": "https://registry.npmjs.org/websocket-extensions/-/websocket-extensions-0.1.2.tgz",
      "integrity": "sha1-Dhh4HeYpoYMIzhSBZQ9n/6JpOl0=",
      "dev": true
    },
    "whatwg-encoding": {
      "version": "1.0.3",
      "resolved": "https://registry.npmjs.org/whatwg-encoding/-/whatwg-encoding-1.0.3.tgz",
      "integrity": "sha512-jLBwwKUhi8WtBfsMQlL4bUUcT8sMkAtQinscJAe/M4KHCkHuUJAF6vuB0tueNIw4c8ziO6AkRmgY+jL3a0iiPw==",
      "dev": true,
      "requires": {
        "iconv-lite": "0.4.19"
      }
    },
    "whatwg-url": {
      "version": "6.4.0",
      "resolved": "https://registry.npmjs.org/whatwg-url/-/whatwg-url-6.4.0.tgz",
      "integrity": "sha512-Z0CVh/YE217Foyb488eo+iBv+r7eAQ0wSTyApi9n06jhcA3z6Nidg/EGvl0UFkg7kMdKxfBzzr+o9JF+cevgMg==",
      "dev": true,
      "requires": {
        "lodash.sortby": "4.7.0",
        "tr46": "1.0.1",
        "webidl-conversions": "4.0.2"
      }
    },
    "when": {
      "version": "3.7.8",
      "resolved": "https://registry.npmjs.org/when/-/when-3.7.8.tgz",
      "integrity": "sha1-xxMLan6gRpPoQs3J56Hyqjmjn4I=",
      "dev": true,
      "optional": true
    },
    "which": {
      "version": "1.3.0",
      "resolved": "https://registry.npmjs.org/which/-/which-1.3.0.tgz",
      "integrity": "sha512-xcJpopdamTuY5duC/KnTTNBraPK54YwpenP4lzxU8H91GudWpFv38u0CKjclE1Wi2EH2EDz5LRcHcKbCIzqGyg==",
      "dev": true,
      "requires": {
        "isexe": "2.0.0"
      }
    },
    "which-module": {
      "version": "1.0.0",
      "resolved": "https://registry.npmjs.org/which-module/-/which-module-1.0.0.tgz",
      "integrity": "sha1-u6Y8qGGUiZT/MHc2CJ47lgJsKk8=",
      "dev": true
    },
    "wide-align": {
      "version": "1.1.2",
      "resolved": "https://registry.npmjs.org/wide-align/-/wide-align-1.1.2.tgz",
      "integrity": "sha512-ijDLlyQ7s6x1JgCLur53osjm/UXUYD9+0PbYKrBsYisYXzCxN+HC3mYDNy/dWdmf3AwqwU3CXwDCvsNgGK1S0w==",
      "dev": true,
      "requires": {
        "string-width": "1.0.2"
      }
    },
    "widest-line": {
      "version": "1.0.0",
      "resolved": "https://registry.npmjs.org/widest-line/-/widest-line-1.0.0.tgz",
      "integrity": "sha1-DAnIXCqUaD0Nfq+O4JfVZL8OEFw=",
      "dev": true,
      "requires": {
        "string-width": "1.0.2"
      }
    },
    "window-size": {
      "version": "0.1.0",
      "resolved": "https://registry.npmjs.org/window-size/-/window-size-0.1.0.tgz",
      "integrity": "sha1-VDjNLqk7IC76Ohn+iIeu58lPnJ0=",
      "dev": true
    },
    "wordwrap": {
      "version": "0.0.3",
      "resolved": "https://registry.npmjs.org/wordwrap/-/wordwrap-0.0.3.tgz",
      "integrity": "sha1-o9XabNXAvAAI03I0u68b7WMFkQc=",
      "dev": true
    },
    "wrap-ansi": {
      "version": "2.1.0",
      "resolved": "https://registry.npmjs.org/wrap-ansi/-/wrap-ansi-2.1.0.tgz",
      "integrity": "sha1-2Pw9KE3QV5T+hJc8rs3Rz4JP3YU=",
      "dev": true,
      "requires": {
        "string-width": "1.0.2",
        "strip-ansi": "3.0.1"
      }
    },
    "wrappy": {
      "version": "1.0.2",
      "resolved": "https://registry.npmjs.org/wrappy/-/wrappy-1.0.2.tgz",
      "integrity": "sha1-tSQ9jz7BqjXxNkYFvA0QNuMKtp8=",
      "dev": true
    },
    "write": {
      "version": "0.2.1",
      "resolved": "https://registry.npmjs.org/write/-/write-0.2.1.tgz",
      "integrity": "sha1-X8A4KOJkzqP+kUVUdvejxWbLB1c=",
      "dev": true,
      "requires": {
        "mkdirp": "0.5.1"
      }
    },
    "write-file-atomic": {
      "version": "2.3.0",
      "resolved": "https://registry.npmjs.org/write-file-atomic/-/write-file-atomic-2.3.0.tgz",
      "integrity": "sha512-xuPeK4OdjWqtfi59ylvVL0Yn35SF3zgcAcv7rBPFHVaEapaDr4GdGgm3j7ckTwH9wHL7fGmgfAnb0+THrHb8tA==",
      "dev": true,
      "requires": {
        "graceful-fs": "4.1.11",
        "imurmurhash": "0.1.4",
        "signal-exit": "3.0.2"
      }
    },
    "ws": {
      "version": "3.3.3",
      "resolved": "https://registry.npmjs.org/ws/-/ws-3.3.3.tgz",
      "integrity": "sha512-nnWLa/NwZSt4KQJu51MYlCcSQ5g7INpOrOMt4XV8j4dqTXdmlUmSHQ8/oLC069ckre0fRsgfvsKwbTdtKLCDkA==",
      "dev": true,
      "requires": {
        "async-limiter": "1.0.0",
        "safe-buffer": "5.1.1",
        "ultron": "1.1.1"
      }
    },
    "x-is-function": {
      "version": "1.0.4",
      "resolved": "https://registry.npmjs.org/x-is-function/-/x-is-function-1.0.4.tgz",
      "integrity": "sha1-XSlNw9Joy90GJYDgxd93o5HR+h4=",
      "dev": true
    },
    "x-is-string": {
      "version": "0.1.0",
      "resolved": "https://registry.npmjs.org/x-is-string/-/x-is-string-0.1.0.tgz",
      "integrity": "sha1-R0tQhlrzpJqcRlfwWs0UVFj3fYI=",
      "dev": true
    },
    "xdg-basedir": {
      "version": "3.0.0",
      "resolved": "https://registry.npmjs.org/xdg-basedir/-/xdg-basedir-3.0.0.tgz",
      "integrity": "sha1-SWsswQnsqNus/i3HK2A8F8WHCtQ=",
      "dev": true
    },
    "xhr": {
      "version": "2.4.0",
      "resolved": "https://registry.npmjs.org/xhr/-/xhr-2.4.0.tgz",
      "integrity": "sha1-4W5mpF+GmGHu76tBbV7/ci3ECZM=",
      "requires": {
        "global": "4.3.2",
        "is-function": "1.0.1",
        "parse-headers": "2.0.1",
        "xtend": "4.0.1"
      }
    },
    "xml-name-validator": {
      "version": "3.0.0",
      "resolved": "https://registry.npmjs.org/xml-name-validator/-/xml-name-validator-3.0.0.tgz",
      "integrity": "sha512-A5CUptxDsvxKJEU3yO6DuWBSJz/qizqzJKOMIfUJHETbBw/sFaDxgd6fxm1ewUaM0jZ444Fc5vC5ROYurg/4Pw==",
      "dev": true
    },
    "xmlcreate": {
      "version": "1.0.2",
      "resolved": "https://registry.npmjs.org/xmlcreate/-/xmlcreate-1.0.2.tgz",
      "integrity": "sha1-+mv3YqYKQT+z3Y9LA8WyaSONMI8=",
      "dev": true
    },
    "xmlhttprequest-ssl": {
      "version": "1.5.5",
      "resolved": "https://registry.npmjs.org/xmlhttprequest-ssl/-/xmlhttprequest-ssl-1.5.5.tgz",
      "integrity": "sha1-wodrBhaKrcQOV9l+gRkayPQ5iz4=",
      "dev": true
    },
    "xregexp": {
      "version": "2.0.0",
      "resolved": "https://registry.npmjs.org/xregexp/-/xregexp-2.0.0.tgz",
      "integrity": "sha1-UqY+VsoLhKfzpfPWGHLxJq16WUM=",
      "dev": true,
      "optional": true
    },
    "xtend": {
      "version": "4.0.1",
      "resolved": "https://registry.npmjs.org/xtend/-/xtend-4.0.1.tgz",
      "integrity": "sha1-pcbVMr5lbiPbgg77lDofBJmNY68="
    },
    "y18n": {
      "version": "3.2.1",
      "resolved": "https://registry.npmjs.org/y18n/-/y18n-3.2.1.tgz",
      "integrity": "sha1-bRX7qITAhnnA136I53WegR4H+kE=",
      "dev": true
    },
    "yallist": {
      "version": "2.1.2",
      "resolved": "https://registry.npmjs.org/yallist/-/yallist-2.1.2.tgz",
      "integrity": "sha1-HBH5IY8HYImkfdUS+TxmmaaoHVI=",
      "dev": true
    },
    "yargs": {
      "version": "6.6.0",
      "resolved": "https://registry.npmjs.org/yargs/-/yargs-6.6.0.tgz",
      "integrity": "sha1-eC7CHvQDNF+DCoCMo9UTr1YGUgg=",
      "dev": true,
      "requires": {
        "camelcase": "3.0.0",
        "cliui": "3.2.0",
        "decamelize": "1.2.0",
        "get-caller-file": "1.0.2",
        "os-locale": "1.4.0",
        "read-pkg-up": "1.0.1",
        "require-directory": "2.1.1",
        "require-main-filename": "1.0.1",
        "set-blocking": "2.0.0",
        "string-width": "1.0.2",
        "which-module": "1.0.0",
        "y18n": "3.2.1",
        "yargs-parser": "4.2.1"
      }
    },
    "yargs-parser": {
      "version": "4.2.1",
      "resolved": "https://registry.npmjs.org/yargs-parser/-/yargs-parser-4.2.1.tgz",
      "integrity": "sha1-KczqwNxPA8bIe0qfIX3RjJ90hxw=",
      "dev": true,
      "requires": {
        "camelcase": "3.0.0"
      }
    },
    "yauzl": {
      "version": "2.4.1",
      "resolved": "https://registry.npmjs.org/yauzl/-/yauzl-2.4.1.tgz",
      "integrity": "sha1-lSj0QtqxsihOWLQ3m7GU4i4MQAU=",
      "dev": true,
      "requires": {
        "fd-slicer": "1.0.1"
      }
    },
    "yeast": {
      "version": "0.1.2",
      "resolved": "https://registry.npmjs.org/yeast/-/yeast-0.1.2.tgz",
      "integrity": "sha1-AI4G2AlDIMNy28L47XagymyKxBk=",
      "dev": true
    }
  }
}
